# This file is automatically @generated by Poetry and should not be changed by hand.

[[package]]
name = "altgraph"
version = "0.17.2"
description = "Python graph (network) package"
category = "main"
optional = false
python-versions = "*"
files = [
    {file = "altgraph-0.17.2-py2.py3-none-any.whl", hash = "sha256:743628f2ac6a7c26f5d9223c91ed8ecbba535f506f4b6f558885a8a56a105857"},
    {file = "altgraph-0.17.2.tar.gz", hash = "sha256:ebf2269361b47d97b3b88e696439f6e4cbc607c17c51feb1754f90fb79839158"},
]

[[package]]
name = "beautifulsoup4"
version = "4.11.1"
description = "Screen-scraping library"
category = "main"
optional = false
python-versions = ">=3.6.0"
files = [
    {file = "beautifulsoup4-4.11.1-py3-none-any.whl", hash = "sha256:58d5c3d29f5a36ffeb94f02f0d786cd53014cf9b3b3951d42e0080d8a9498d30"},
    {file = "beautifulsoup4-4.11.1.tar.gz", hash = "sha256:ad9aa55b65ef2808eb405f46cf74df7fcb7044d5cbc26487f96eb2ef2e436693"},
]

[package.dependencies]
soupsieve = ">1.2"

[package.extras]
html5lib = ["html5lib"]
lxml = ["lxml"]

[[package]]
name = "certifi"
version = "2022.12.7"
description = "Python package for providing Mozilla's CA Bundle."
category = "main"
optional = false
python-versions = ">=3.6"
files = [
    {file = "certifi-2022.12.7-py3-none-any.whl", hash = "sha256:4ad3232f5e926d6718ec31cfc1fcadfde020920e278684144551c91769c7bc18"},
    {file = "certifi-2022.12.7.tar.gz", hash = "sha256:35824b4c3a97115964b408844d64aa14db1cc518f6562e8d7261699d1350a9e3"},
]

[[package]]
name = "charset-normalizer"
version = "2.0.12"
description = "The Real First Universal Charset Detector. Open, modern and actively maintained alternative to Chardet."
category = "main"
optional = false
python-versions = ">=3.5.0"
files = [
    {file = "charset-normalizer-2.0.12.tar.gz", hash = "sha256:2857e29ff0d34db842cd7ca3230549d1a697f96ee6d3fb071cfa6c7393832597"},
    {file = "charset_normalizer-2.0.12-py3-none-any.whl", hash = "sha256:6881edbebdb17b39b4eaaa821b438bf6eddffb4468cf344f09f89def34a8b1df"},
]

[package.extras]
unicode-backport = ["unicodedata2"]

[[package]]
name = "decorator"
version = "5.1.1"
description = "Decorators for Humans"
category = "main"
optional = false
python-versions = ">=3.5"
files = [
    {file = "decorator-5.1.1-py3-none-any.whl", hash = "sha256:b8c3f85900b9dc423225913c5aace94729fe1fa9763b38939a95226f02d37186"},
    {file = "decorator-5.1.1.tar.gz", hash = "sha256:637996211036b6385ef91435e4fae22989472f9d571faba8927ba8253acbc330"},
]

[[package]]
name = "future"
version = "0.18.2"
description = "Clean single-source support for Python 3 and 2"
category = "main"
optional = false
python-versions = ">=2.6, !=3.0.*, !=3.1.*, !=3.2.*"
files = [
    {file = "future-0.18.2.tar.gz", hash = "sha256:b1bead90b70cf6ec3f0710ae53a525360fa360d306a86583adc6bf83a4db537d"},
]

[[package]]
name = "idna"
version = "3.3"
description = "Internationalized Domain Names in Applications (IDNA)"
category = "main"
optional = false
python-versions = ">=3.5"
files = [
    {file = "idna-3.3-py3-none-any.whl", hash = "sha256:84d9dd047ffa80596e0f246e2eab0b391788b0503584e8945f2368256d2735ff"},
    {file = "idna-3.3.tar.gz", hash = "sha256:9d643ff0a55b762d5cdb124b8eaa99c66322e2157b69160bc32796e824360e6d"},
]

[[package]]
name = "igraph"
version = "0.9.11"
description = "High performance graph data structures and algorithms"
category = "main"
optional = false
python-versions = ">=3.6"
files = [
    {file = "igraph-0.9.11-1-cp310-cp310-macosx_10_9_x86_64.whl", hash = "sha256:bd5dad92b51f1993ad839c54191bae516b6b25b7636e773cc4bd99509d1f6cc5"},
    {file = "igraph-0.9.11-1-cp310-cp310-macosx_11_0_arm64.whl", hash = "sha256:37733811aabdfeea940c036d4450f24b79aeea8e6303ccf3dd5521514ea267be"},
    {file = "igraph-0.9.11-1-cp36-cp36m-macosx_10_9_x86_64.whl", hash = "sha256:3695b172b628d896220558fb29a37f854f7e67014b2abe3c480efb8a55970562"},
    {file = "igraph-0.9.11-1-cp37-cp37m-macosx_10_9_x86_64.whl", hash = "sha256:ea7b567f711be4e7d7029afc70b11e5eced02057a016e63945b922c9c9824a64"},
    {file = "igraph-0.9.11-1-cp38-cp38-macosx_10_9_x86_64.whl", hash = "sha256:5f58239066b90386e924f36ec5172638cce6b99c37f6958236585f6cb6dbfd5f"},
    {file = "igraph-0.9.11-1-cp38-cp38-macosx_11_0_arm64.whl", hash = "sha256:62364477acbbb8fe099092b1dbee37b4c1cab948508c701a8a73d1f2e72267f4"},
    {file = "igraph-0.9.11-1-cp39-cp39-macosx_10_9_x86_64.whl", hash = "sha256:e1caed4e2bd6c17d2ea0e88a88d6d53d00767bc7cd79e769cf47057f96cd6c32"},
    {file = "igraph-0.9.11-1-cp39-cp39-macosx_11_0_arm64.whl", hash = "sha256:9b7f3d67d6d9c31c715c4309e1410f0e23f0dcec08786671a601b1df276fbe57"},
    {file = "igraph-0.9.11-1-pp37-pypy37_pp73-macosx_10_9_x86_64.whl", hash = "sha256:a918d048535aa4cd7d1bde710a742af218b33cc47bd85bfcb3b12b7503ffe0e7"},
    {file = "igraph-0.9.11-1-pp38-pypy38_pp73-macosx_10_9_x86_64.whl", hash = "sha256:8aac604f3d4f64a9702f8ac27e0074ce4d9c4b25e637145884681b71ea60bd34"},
    {file = "igraph-0.9.11-1-pp39-pypy39_pp73-macosx_10_9_x86_64.whl", hash = "sha256:008ad3c9bae8549ee1ffee16bb3d1563e0e32a5219dbc0673719fc3be75a2569"},
    {file = "igraph-0.9.11-cp310-cp310-macosx_10_9_x86_64.whl", hash = "sha256:eb074a25d0e15dc85bab502adb73200e34aae7ee34f552958ff86c04bb524172"},
    {file = "igraph-0.9.11-cp310-cp310-macosx_11_0_arm64.whl", hash = "sha256:4ff5de0fad77d468d362f5d1472dc3f43707655a631f5c92e068fa2acdfb29a0"},
    {file = "igraph-0.9.11-cp310-cp310-manylinux_2_17_aarch64.manylinux2014_aarch64.whl", hash = "sha256:8be37443badfc24cef7e1066ca9cb2cf8932b8e819f810c017040d31b71614a1"},
    {file = "igraph-0.9.11-cp310-cp310-manylinux_2_17_i686.manylinux2014_i686.whl", hash = "sha256:4efa64c829b28622ffddab69f9bea8749973cd1ec0d2aee9f9b120eb8a0a9f38"},
    {file = "igraph-0.9.11-cp310-cp310-manylinux_2_17_x86_64.manylinux2014_x86_64.whl", hash = "sha256:d544737e23f2d72590f900c26f7b58c695cc1887548570cf6291d3d2d08bf31e"},
    {file = "igraph-0.9.11-cp310-cp310-musllinux_1_1_aarch64.whl", hash = "sha256:fc70d029ade6f8df290ea4032a1151430a1cc0af19d8cc8754fc528fd41161bb"},
    {file = "igraph-0.9.11-cp310-cp310-musllinux_1_1_i686.whl", hash = "sha256:028c9e739b7b3b26a25488856aee3ef9c2c2caa214bce2bd701586824a7878e1"},
    {file = "igraph-0.9.11-cp310-cp310-musllinux_1_1_x86_64.whl", hash = "sha256:ee9e8a2ce0cf9408257048f3a8d389f3e37bfbf60cf9967b601f55b892c9ae98"},
    {file = "igraph-0.9.11-cp310-cp310-win32.whl", hash = "sha256:d57416b6a41fad4f490b1e38ff236a6bc2fee6f4febb236df0262338fd40385c"},
    {file = "igraph-0.9.11-cp310-cp310-win_amd64.whl", hash = "sha256:285f8f7fa2a21e036a9ececf93edeee25b017ff7144a7852760d68884f657978"},
    {file = "igraph-0.9.11-cp36-cp36m-macosx_10_9_x86_64.whl", hash = "sha256:5564fc8531c487679fc329e270566ebdcb2dd4e6c6ae7e4bfc2b2e4c509c65aa"},
    {file = "igraph-0.9.11-cp36-cp36m-manylinux_2_17_aarch64.manylinux2014_aarch64.whl", hash = "sha256:687d9354d9f69cf4a743bac536277924d35bcc9afee8907962269e65ee84691e"},
    {file = "igraph-0.9.11-cp36-cp36m-manylinux_2_17_i686.manylinux2014_i686.whl", hash = "sha256:494ab3e553880790cd404ba6f825ac38c76028ccd47d04d4c449eef5e7711fac"},
    {file = "igraph-0.9.11-cp36-cp36m-manylinux_2_17_x86_64.manylinux2014_x86_64.whl", hash = "sha256:9f2851f13b4cba514aed4bda1ac479b18fd86ae21f6b6a4fe20ee33d8537bf2e"},
    {file = "igraph-0.9.11-cp36-cp36m-musllinux_1_1_aarch64.whl", hash = "sha256:3760f4d1835a533e2f80305ed6445c819d2aa94643df09d1eee810283cbe0a6c"},
    {file = "igraph-0.9.11-cp36-cp36m-musllinux_1_1_i686.whl", hash = "sha256:c5b8073db0d5c8cd0120d06e67500274a6ed2858a51f0ee28b0ef0096cdcaf8e"},
    {file = "igraph-0.9.11-cp36-cp36m-musllinux_1_1_x86_64.whl", hash = "sha256:d5ba1babe72bfaa1367a206699a8afdbc58ab51182bdfd75e5f65294c22d5d7f"},
    {file = "igraph-0.9.11-cp36-cp36m-win32.whl", hash = "sha256:c283f3b9860d55184a09df0c4c9a95757c0459eb4ba319cba3ed2b52f8a7a046"},
    {file = "igraph-0.9.11-cp36-cp36m-win_amd64.whl", hash = "sha256:704e63d903faac3cd21b20645e037405c458c533f45b502d646b84b7e30a784b"},
    {file = "igraph-0.9.11-cp37-cp37m-macosx_10_9_x86_64.whl", hash = "sha256:76afe319a995b6f5cb3dd9dedbf0b6faa5ec276d497c0a83139f56724e898832"},
    {file = "igraph-0.9.11-cp37-cp37m-manylinux_2_17_aarch64.manylinux2014_aarch64.whl", hash = "sha256:27e84a06f3f8a89281daec87d3ffb5de3c7d8e11a13b6d407162e0b6fc37965a"},
    {file = "igraph-0.9.11-cp37-cp37m-manylinux_2_17_i686.manylinux2014_i686.whl", hash = "sha256:377074682edcaa2fcf98c0dbc68d455e24918d18471619661293b726656de9a5"},
    {file = "igraph-0.9.11-cp37-cp37m-manylinux_2_17_x86_64.manylinux2014_x86_64.whl", hash = "sha256:025c3dde1d5ed4c4c7cf0aa4bfaf394c15245a3704f0d18015367d67e85285bb"},
    {file = "igraph-0.9.11-cp37-cp37m-musllinux_1_1_aarch64.whl", hash = "sha256:dae06ff6ae299015f1a2be3702074c628e3806a733ddcb7acbf396d486e2c007"},
    {file = "igraph-0.9.11-cp37-cp37m-musllinux_1_1_i686.whl", hash = "sha256:7a9117944267e2bbb8ef16119646eda454834916db7c4a2e195cff5230040be9"},
    {file = "igraph-0.9.11-cp37-cp37m-musllinux_1_1_x86_64.whl", hash = "sha256:3790ae89306e297404f47df8a6a1bdb312495574a98c8315cb1bec32b511053e"},
    {file = "igraph-0.9.11-cp37-cp37m-win32.whl", hash = "sha256:e9bfc80f1cf86504a239ff6f67211890e5ffdd70d940fffa0845fff2c98097da"},
    {file = "igraph-0.9.11-cp37-cp37m-win_amd64.whl", hash = "sha256:cd5e64a7d050d1c402312aec9613e38901c57e4e24e5d1cf0ed097ca57691e3d"},
    {file = "igraph-0.9.11-cp38-cp38-macosx_10_9_x86_64.whl", hash = "sha256:699a0a84f80caff3365b6578341513cdd9b666dd4f3278b18a76f8c17b314402"},
    {file = "igraph-0.9.11-cp38-cp38-macosx_11_0_arm64.whl", hash = "sha256:3b4fda4f8f520e17b4631645fe4b8b8eb1624fdc7424609c8d22e487434e8b02"},
    {file = "igraph-0.9.11-cp38-cp38-manylinux_2_17_aarch64.manylinux2014_aarch64.whl", hash = "sha256:78e768b2ad6b43fe2a7f1f799a9d4f5e59ca66dbd4ea5f6b1dfa7a7f1d5dadbe"},
    {file = "igraph-0.9.11-cp38-cp38-manylinux_2_17_i686.manylinux2014_i686.whl", hash = "sha256:068593958fd4c5fa58022b98f40b94728d5f9f7d67d7c27cbde8ee527669aad3"},
    {file = "igraph-0.9.11-cp38-cp38-manylinux_2_17_x86_64.manylinux2014_x86_64.whl", hash = "sha256:94f327a9b214fba5d295fa30c3b252591878ef05cacf0acd95f07f0fee261b7d"},
    {file = "igraph-0.9.11-cp38-cp38-musllinux_1_1_aarch64.whl", hash = "sha256:a6278758d7871ad015d082982d89ba4f2415a142c52c661f565ef511b2587b3f"},
    {file = "igraph-0.9.11-cp38-cp38-musllinux_1_1_i686.whl", hash = "sha256:1f030c1c492baa9cc2f45cc4a554269351bfa873c0a1e081a56a7d5413f29a5a"},
    {file = "igraph-0.9.11-cp38-cp38-musllinux_1_1_x86_64.whl", hash = "sha256:d1b18493fc48e7345f428920ef97a49d821051bf58ced800862814b6b83e2fce"},
    {file = "igraph-0.9.11-cp38-cp38-win32.whl", hash = "sha256:486e58b649bacc0a209093e5701cb64e58917970159be0e9f6f8608a29d0a762"},
    {file = "igraph-0.9.11-cp38-cp38-win_amd64.whl", hash = "sha256:df4040dd0009ba3f0a8e32f47c56f6707cd99b4cbe488fe1fe01fc2cfabccc38"},
    {file = "igraph-0.9.11-cp39-cp39-macosx_10_9_x86_64.whl", hash = "sha256:fb4cd7cf46f1c141a12bf72e9bdcf0dd4effb0ca7e363ab74c0b1f3a62fcaf65"},
    {file = "igraph-0.9.11-cp39-cp39-macosx_11_0_arm64.whl", hash = "sha256:017b1d1815894603424f7de0c82e7cb6bf18b6d18185cf1047853affd70ee78e"},
    {file = "igraph-0.9.11-cp39-cp39-manylinux_2_17_aarch64.manylinux2014_aarch64.whl", hash = "sha256:8bd658702b95fbb4e579e639f393507821ed06dfa56d0c5db6aa89c2370a2424"},
    {file = "igraph-0.9.11-cp39-cp39-manylinux_2_17_i686.manylinux2014_i686.whl", hash = "sha256:d30ce17668fd711ff8ff106c320b8ba031ecc61b8b92af0a3fdd4d8dbd173c8d"},
    {file = "igraph-0.9.11-cp39-cp39-manylinux_2_17_x86_64.manylinux2014_x86_64.whl", hash = "sha256:7b930b21d69f3b36921f34f466d0350e05690b7cd2ba4bb71fad42b45183039a"},
    {file = "igraph-0.9.11-cp39-cp39-musllinux_1_1_aarch64.whl", hash = "sha256:dc623e09546c0b6055e5489f578e075e00d906b927c1dbfff7561d11e46f4277"},
    {file = "igraph-0.9.11-cp39-cp39-musllinux_1_1_i686.whl", hash = "sha256:87bf97fb2774ec346c84790d994b6d95e60187105521baf44d46a845f0264d0c"},
    {file = "igraph-0.9.11-cp39-cp39-musllinux_1_1_x86_64.whl", hash = "sha256:b9459e1f1097cd6c6511fb459147229b41ba8f3c8cebf21ca1bfe93f212a3565"},
    {file = "igraph-0.9.11-cp39-cp39-win32.whl", hash = "sha256:4319839f517066e28ffc73722d733d5aacc89dec9d615224754e168445893b6c"},
    {file = "igraph-0.9.11-cp39-cp39-win_amd64.whl", hash = "sha256:1c1cf8b689b7bf97c52f4887f1a305a95f7c2e5b21b439b6f2d691b444760934"},
    {file = "igraph-0.9.11-pp37-pypy37_pp73-macosx_10_9_x86_64.whl", hash = "sha256:c96409c4dae691320af44c95cacb9136b79c86696139fb33c2d032574d9350e4"},
    {file = "igraph-0.9.11-pp37-pypy37_pp73-manylinux_2_17_aarch64.manylinux2014_aarch64.whl", hash = "sha256:47bd090377109d9eb85987d0ca97c400fd4bdd3d9d40b68fa5842696433bf1e3"},
    {file = "igraph-0.9.11-pp37-pypy37_pp73-manylinux_2_17_i686.manylinux2014_i686.whl", hash = "sha256:be85fde2d0acc611af7517df4205fc578fed44a7d82a5ac4904e70730adc3afd"},
    {file = "igraph-0.9.11-pp37-pypy37_pp73-manylinux_2_17_x86_64.manylinux2014_x86_64.whl", hash = "sha256:cc5687139bf40b8172ebcef0f80752ac2a7988d2dfddb329028df2647434e2af"},
    {file = "igraph-0.9.11-pp37-pypy37_pp73-win_amd64.whl", hash = "sha256:f42833056d0b0ddca4fd586c2fd65dd1d525346f5d1dc87ef3edcde758a5ffb0"},
    {file = "igraph-0.9.11-pp38-pypy38_pp73-macosx_10_9_x86_64.whl", hash = "sha256:52125e1dc082564fcaa541c37b895b8ffa108cb3af2dfc238c71e4200bd5b008"},
    {file = "igraph-0.9.11-pp38-pypy38_pp73-manylinux_2_17_aarch64.manylinux2014_aarch64.whl", hash = "sha256:0911edb07495da82f75b155772c3e623c1975e16e47f98808ae54cb316f487e3"},
    {file = "igraph-0.9.11-pp38-pypy38_pp73-manylinux_2_17_i686.manylinux2014_i686.whl", hash = "sha256:4da58576fd1d1a32d37ac067d3b74e5e244333fb749233d2350ae568472610b5"},
    {file = "igraph-0.9.11-pp38-pypy38_pp73-manylinux_2_17_x86_64.manylinux2014_x86_64.whl", hash = "sha256:8269f1fab636b2a4b2db752d02854c22f11918424003244cd99b77026fa4c3f2"},
    {file = "igraph-0.9.11-pp38-pypy38_pp73-win_amd64.whl", hash = "sha256:ba8ed0625e8055a89e2c0c472983dda2f2a450bba45d33f685f330a5ccbfc22b"},
    {file = "igraph-0.9.11-pp39-pypy39_pp73-macosx_10_9_x86_64.whl", hash = "sha256:4a8b0054ecc24ec0351cf0f26ac26b5b8d33c91afc8eea6d799ecc005f579a11"},
    {file = "igraph-0.9.11-pp39-pypy39_pp73-manylinux_2_17_aarch64.manylinux2014_aarch64.whl", hash = "sha256:f4f21b3e03762e0f4301f3ef3be010ed135b2449b5e9b566fa00220116b862f5"},
    {file = "igraph-0.9.11-pp39-pypy39_pp73-manylinux_2_17_i686.manylinux2014_i686.whl", hash = "sha256:22f6e70df0687a838996e266e4e4fd7aac0c9a163267e56cfe1a35fb0ce0eb37"},
    {file = "igraph-0.9.11-pp39-pypy39_pp73-manylinux_2_17_x86_64.manylinux2014_x86_64.whl", hash = "sha256:315832d08055dad7c5edc87daf78c7c6efca413471528b86662d86c6e78edd11"},
    {file = "igraph-0.9.11-pp39-pypy39_pp73-win_amd64.whl", hash = "sha256:acbf2f51c62135aaf4ced12eba3cf83b247a2787e23f11e99d674cc8d60ca73c"},
    {file = "igraph-0.9.11.tar.gz", hash = "sha256:52eeaf5c015e297d979fefc53038fbaaf5fff4fb5f5022dce43f3ddc78210515"},
]

[package.dependencies]
texttable = ">=1.6.2"

[package.extras]
doc = ["Sphinx (>=4.2.0)", "sphinxbootstrap4theme (>=0.6.0)"]
plotting = ["cairocffi (>=1.2.0)"]
test = ["networkx (>=2.5)", "numpy (>=1.19.0)", "pandas (>=1.1.0)", "pytest (>=7.0.1)", "scipy (>=1.5.0)"]
test-musl = ["networkx (>=2.5)", "pytest (>=7.0.1)"]

[[package]]
name = "joblib"
version = "1.2.0"
description = "Lightweight pipelining with Python functions"
category = "main"
optional = false
python-versions = ">=3.7"
files = [
    {file = "joblib-1.2.0-py3-none-any.whl", hash = "sha256:091138ed78f800342968c523bdde947e7a305b8594b910a0fea2ab83c3c6d385"},
    {file = "joblib-1.2.0.tar.gz", hash = "sha256:e1cee4a79e4af22881164f218d4311f60074197fb707e082e803b61f6d137018"},
]

[[package]]
name = "macholib"
version = "1.16"
description = "Mach-O header analysis and editing"
category = "main"
optional = false
python-versions = "*"
files = [
    {file = "macholib-1.16-py2.py3-none-any.whl", hash = "sha256:5a0742b587e6e57bfade1ab90651d4877185bf66fd4a176a488116de36878229"},
    {file = "macholib-1.16.tar.gz", hash = "sha256:001bf281279b986a66d7821790d734e61150d52f40c080899df8fefae056e9f7"},
]

[package.dependencies]
altgraph = ">=0.15"

[[package]]
name = "numpy"
version = "1.22.4"
description = "NumPy is the fundamental package for array computing with Python."
category = "main"
optional = false
python-versions = ">=3.8"
files = [
    {file = "numpy-1.22.4-cp310-cp310-macosx_10_14_x86_64.whl", hash = "sha256:ba9ead61dfb5d971d77b6c131a9dbee62294a932bf6a356e48c75ae684e635b3"},
    {file = "numpy-1.22.4-cp310-cp310-macosx_10_15_x86_64.whl", hash = "sha256:1ce7ab2053e36c0a71e7a13a7475bd3b1f54750b4b433adc96313e127b870887"},
    {file = "numpy-1.22.4-cp310-cp310-macosx_11_0_arm64.whl", hash = "sha256:7228ad13744f63575b3a972d7ee4fd61815b2879998e70930d4ccf9ec721dce0"},
    {file = "numpy-1.22.4-cp310-cp310-manylinux_2_17_aarch64.manylinux2014_aarch64.whl", hash = "sha256:43a8ca7391b626b4c4fe20aefe79fec683279e31e7c79716863b4b25021e0e74"},
    {file = "numpy-1.22.4-cp310-cp310-manylinux_2_17_x86_64.manylinux2014_x86_64.whl", hash = "sha256:a911e317e8c826ea632205e63ed8507e0dc877dcdc49744584dfc363df9ca08c"},
    {file = "numpy-1.22.4-cp310-cp310-win32.whl", hash = "sha256:9ce7df0abeabe7fbd8ccbf343dc0db72f68549856b863ae3dd580255d009648e"},
    {file = "numpy-1.22.4-cp310-cp310-win_amd64.whl", hash = "sha256:3e1ffa4748168e1cc8d3cde93f006fe92b5421396221a02f2274aab6ac83b077"},
    {file = "numpy-1.22.4-cp38-cp38-macosx_10_15_x86_64.whl", hash = "sha256:59d55e634968b8f77d3fd674a3cf0b96e85147cd6556ec64ade018f27e9479e1"},
    {file = "numpy-1.22.4-cp38-cp38-macosx_11_0_arm64.whl", hash = "sha256:c1d937820db6e43bec43e8d016b9b3165dcb42892ea9f106c70fb13d430ffe72"},
    {file = "numpy-1.22.4-cp38-cp38-manylinux_2_17_aarch64.manylinux2014_aarch64.whl", hash = "sha256:d4c5d5eb2ec8da0b4f50c9a843393971f31f1d60be87e0fb0917a49133d257d6"},
    {file = "numpy-1.22.4-cp38-cp38-manylinux_2_17_x86_64.manylinux2014_x86_64.whl", hash = "sha256:64f56fc53a2d18b1924abd15745e30d82a5782b2cab3429aceecc6875bd5add0"},
    {file = "numpy-1.22.4-cp38-cp38-win32.whl", hash = "sha256:fb7a980c81dd932381f8228a426df8aeb70d59bbcda2af075b627bbc50207cba"},
    {file = "numpy-1.22.4-cp38-cp38-win_amd64.whl", hash = "sha256:e96d7f3096a36c8754207ab89d4b3282ba7b49ea140e4973591852c77d09eb76"},
    {file = "numpy-1.22.4-cp39-cp39-macosx_10_14_x86_64.whl", hash = "sha256:4c6036521f11a731ce0648f10c18ae66d7143865f19f7299943c985cdc95afb5"},
    {file = "numpy-1.22.4-cp39-cp39-macosx_10_15_x86_64.whl", hash = "sha256:b89bf9b94b3d624e7bb480344e91f68c1c6c75f026ed6755955117de00917a7c"},
    {file = "numpy-1.22.4-cp39-cp39-macosx_11_0_arm64.whl", hash = "sha256:2d487e06ecbf1dc2f18e7efce82ded4f705f4bd0cd02677ffccfb39e5c284c7e"},
    {file = "numpy-1.22.4-cp39-cp39-manylinux_2_17_aarch64.manylinux2014_aarch64.whl", hash = "sha256:f3eb268dbd5cfaffd9448113539e44e2dd1c5ca9ce25576f7c04a5453edc26fa"},
    {file = "numpy-1.22.4-cp39-cp39-manylinux_2_17_x86_64.manylinux2014_x86_64.whl", hash = "sha256:37431a77ceb9307c28382c9773da9f306435135fae6b80b62a11c53cfedd8802"},
    {file = "numpy-1.22.4-cp39-cp39-win32.whl", hash = "sha256:cc7f00008eb7d3f2489fca6f334ec19ca63e31371be28fd5dad955b16ec285bd"},
    {file = "numpy-1.22.4-cp39-cp39-win_amd64.whl", hash = "sha256:f0725df166cf4785c0bc4cbfb320203182b1ecd30fee6e541c8752a92df6aa32"},
    {file = "numpy-1.22.4-pp38-pypy38_pp73-manylinux_2_17_x86_64.manylinux2014_x86_64.whl", hash = "sha256:0791fbd1e43bf74b3502133207e378901272f3c156c4df4954cad833b1380207"},
    {file = "numpy-1.22.4.zip", hash = "sha256:425b390e4619f58d8526b3dcf656dde069133ae5c240229821f01b5f44ea07af"},
]

[[package]]
name = "pefile"
version = "2022.5.30"
description = "Python PE parsing module"
category = "main"
optional = false
python-versions = ">=3.6.0"
files = [
    {file = "pefile-2022.5.30.tar.gz", hash = "sha256:a5488a3dd1fd021ce33f969780b88fe0f7eebb76eb20996d7318f307612a045b"},
]

[package.dependencies]
future = "*"

[[package]]
name = "progress"
version = "1.6"
description = "Easy to use progress bars"
category = "main"
optional = false
python-versions = "*"
files = [
    {file = "progress-1.6.tar.gz", hash = "sha256:c9c86e98b5c03fa1fe11e3b67c1feda4788b8d0fe7336c2ff7d5644ccfba34cd"},
]

[[package]]
name = "pyinstaller"
version = "5.1"
description = "PyInstaller bundles a Python application and all its dependencies into a single package."
category = "main"
optional = false
python-versions = "<3.11,>=3.7"
files = [
    {file = "pyinstaller-5.1-py3-none-macosx_10_13_universal2.whl", hash = "sha256:3c9bc373b4a4bf6d81b306b9918e290a3de582d7b50a0f6f4e837970a4db0c54"},
    {file = "pyinstaller-5.1-py3-none-manylinux2014_aarch64.whl", hash = "sha256:ac003d49bbd62f6712b5631487049cee4f0a07445dd31c6d05e5724e33689fca"},
    {file = "pyinstaller-5.1-py3-none-manylinux2014_i686.whl", hash = "sha256:f786cb013ebfd3fb23ddb46285902663e31256220b12b368f8c36e859a77ebc9"},
    {file = "pyinstaller-5.1-py3-none-manylinux2014_ppc64le.whl", hash = "sha256:d8bfe5c32b4b5aaa91a5c1c7912fe3e5d13e7671f3468ee7742ec71ca192a975"},
    {file = "pyinstaller-5.1-py3-none-manylinux2014_s390x.whl", hash = "sha256:c421b46ebf81ad4498de480640ce1a47ac15dfd3938dfc2e1c0846cb5cdb0c59"},
    {file = "pyinstaller-5.1-py3-none-manylinux2014_x86_64.whl", hash = "sha256:588f2840c27a8a7e1b1fa361f107a1060c5096b36d3c94c243b23687ee41609d"},
    {file = "pyinstaller-5.1-py3-none-musllinux_1_1_aarch64.whl", hash = "sha256:d3852c1f8fe6ca2f5c7942c845dc6d1f6140aa7860fe3500eac3ac88875d1dd4"},
    {file = "pyinstaller-5.1-py3-none-musllinux_1_1_x86_64.whl", hash = "sha256:29b3f17d75ff58b12db7b0116df1b3382c8345aefd500a177987eaf0599dec03"},
    {file = "pyinstaller-5.1-py3-none-win32.whl", hash = "sha256:a90ee3181c88aed0893bf537a50ad547655f5d555a5b731215a5fe1946d2f3db"},
    {file = "pyinstaller-5.1-py3-none-win_amd64.whl", hash = "sha256:996e296d1dfe27c3e89efc26dbcc247f49c0801a9b5e22e2b39f5b983cf5c2f5"},
    {file = "pyinstaller-5.1.tar.gz", hash = "sha256:9596c70c860cbce19537354db95b180351959b4cd14a70db6ab1d1432668c313"},
]

[package.dependencies]
altgraph = "*"
macholib = {version = ">=1.8", markers = "sys_platform == \"darwin\""}
pefile = {version = ">=2017.8.1", markers = "sys_platform == \"win32\""}
pyinstaller-hooks-contrib = ">=2021.4"
pywin32-ctypes = {version = ">=0.2.0", markers = "sys_platform == \"win32\""}
setuptools = "*"

[package.extras]
encryption = ["tinyaes (>=1.0.0)"]
hook-testing = ["execnet (>=1.5.0)", "psutil", "pytest (>=2.7.3)"]

[[package]]
name = "pyinstaller-hooks-contrib"
version = "2022.7"
description = "Community maintained hooks for PyInstaller"
category = "main"
optional = false
python-versions = ">=3.7"
files = [
    {file = "pyinstaller-hooks-contrib-2022.7.tar.gz", hash = "sha256:6675634279cfe9e475580fb310c3d557037baefb065e6cb5a69a124361b926fd"},
    {file = "pyinstaller_hooks_contrib-2022.7-py2.py3-none-any.whl", hash = "sha256:5fdb97dcae177955db7ab27840cba97b89dc0c7f4fd9142bba0f9b8d8df85c48"},
]

[[package]]
name = "pysocks"
version = "1.7.1"
description = "A Python SOCKS client module. See https://github.com/Anorov/PySocks for more information."
category = "main"
optional = false
python-versions = ">=2.7, !=3.0.*, !=3.1.*, !=3.2.*, !=3.3.*"
files = [
    {file = "PySocks-1.7.1-py27-none-any.whl", hash = "sha256:08e69f092cc6dbe92a0fdd16eeb9b9ffbc13cadfe5ca4c7bd92ffb078b293299"},
    {file = "PySocks-1.7.1-py3-none-any.whl", hash = "sha256:2725bd0a9925919b9b51739eea5f9e2bae91e83288108a9ad338b2e3a4435ee5"},
    {file = "PySocks-1.7.1.tar.gz", hash = "sha256:3f8804571ebe159c380ac6de37643bb4685970655d3bba243530d6558b799aa0"},
]

[[package]]
name = "python-dotenv"
version = "0.20.0"
description = "Read key-value pairs from a .env file and set them as environment variables"
category = "main"
optional = false
python-versions = ">=3.5"
files = [
    {file = "python-dotenv-0.20.0.tar.gz", hash = "sha256:b7e3b04a59693c42c36f9ab1cc2acc46fa5df8c78e178fc33a8d4cd05c8d498f"},
    {file = "python_dotenv-0.20.0-py3-none-any.whl", hash = "sha256:d92a187be61fe482e4fd675b6d52200e7be63a12b724abbf931a40ce4fa92938"},
]

[package.extras]
cli = ["click (>=5.0)"]

[[package]]
name = "pywin32-ctypes"
version = "0.2.0"
description = ""
category = "main"
optional = false
python-versions = "*"
files = [
    {file = "pywin32-ctypes-0.2.0.tar.gz", hash = "sha256:24ffc3b341d457d48e8922352130cf2644024a4ff09762a2261fd34c36ee5942"},
    {file = "pywin32_ctypes-0.2.0-py2.py3-none-any.whl", hash = "sha256:9dc2d991b3479cc2df15930958b674a48a227d5361d413827a4cfd0b5876fc98"},
]

[[package]]
name = "requests"
version = "2.28.0"
description = "Python HTTP for Humans."
category = "main"
optional = false
python-versions = ">=3.7, <4"
files = [
    {file = "requests-2.28.0-py3-none-any.whl", hash = "sha256:bc7861137fbce630f17b03d3ad02ad0bf978c844f3536d0edda6499dafce2b6f"},
    {file = "requests-2.28.0.tar.gz", hash = "sha256:d568723a7ebd25875d8d1eaf5dfa068cd2fc8194b2e483d7b1f7c81918dbec6b"},
]

[package.dependencies]
certifi = ">=2017.4.17"
charset-normalizer = ">=2.0.0,<2.1.0"
idna = ">=2.5,<4"
urllib3 = ">=1.21.1,<1.27"

[package.extras]
socks = ["PySocks (>=1.5.6,!=1.5.7)"]
use-chardet-on-py3 = ["chardet (>=3.0.2,<5)"]

[[package]]
name = "requests-mock"
version = "1.9.3"
description = "Mock out responses from the requests package"
category = "main"
optional = false
python-versions = "*"
files = [
    {file = "requests-mock-1.9.3.tar.gz", hash = "sha256:8d72abe54546c1fc9696fa1516672f1031d72a55a1d66c85184f972a24ba0eba"},
    {file = "requests_mock-1.9.3-py2.py3-none-any.whl", hash = "sha256:0a2d38a117c08bb78939ec163522976ad59a6b7fdd82b709e23bb98004a44970"},
]

[package.dependencies]
requests = ">=2.3,<3"
six = "*"

[package.extras]
fixture = ["fixtures"]
test = ["fixtures", "mock", "purl", "pytest", "sphinx", "testrepository (>=0.0.18)", "testtools"]

[[package]]
name = "scikit-learn"
version = "1.1.2"
description = "A set of python modules for machine learning and data mining"
category = "main"
optional = false
python-versions = ">=3.8"
files = [
    {file = "scikit-learn-1.1.2.tar.gz", hash = "sha256:7c22d1305b16f08d57751a4ea36071e2215efb4c09cb79183faa4e8e82a3dbf8"},
    {file = "scikit_learn-1.1.2-cp310-cp310-macosx_10_9_x86_64.whl", hash = "sha256:6c840f662b5d3377c4ccb8be1fc21bb52cb5d8b8790f8d6bf021739f84e543cf"},
    {file = "scikit_learn-1.1.2-cp310-cp310-macosx_12_0_arm64.whl", hash = "sha256:2b8db962360c93554cab7bb3c096c4a24695da394dd4b3c3f13409f409b425bc"},
    {file = "scikit_learn-1.1.2-cp310-cp310-manylinux_2_17_aarch64.manylinux2014_aarch64.whl", hash = "sha256:3e7d1fc817867a350133f937aaebcafbc06192517cbdf0cf7e5774ad4d1adb9f"},
    {file = "scikit_learn-1.1.2-cp310-cp310-manylinux_2_17_x86_64.manylinux2014_x86_64.whl", hash = "sha256:5ec3ea40d467966821843210c02117d82b097b54276fdcfb50f4dfb5c60dbe39"},
    {file = "scikit_learn-1.1.2-cp310-cp310-win_amd64.whl", hash = "sha256:bbef6ea1c012ff9f3e6f6e9ca006b8772d8383e177b898091e68fbd9b3f840f9"},
    {file = "scikit_learn-1.1.2-cp38-cp38-macosx_10_9_x86_64.whl", hash = "sha256:a90ca42fe8242fd6ff56cda2fecc5fca586a88a24ab602d275d2d0dcc0b928fb"},
    {file = "scikit_learn-1.1.2-cp38-cp38-macosx_12_0_arm64.whl", hash = "sha256:a682ec0f82b6f30fb07486daed1c8001b6683cc66b51877644dfc532bece6a18"},
    {file = "scikit_learn-1.1.2-cp38-cp38-manylinux_2_17_aarch64.manylinux2014_aarch64.whl", hash = "sha256:c33e16e9a165af6012f5be530ccfbb672e2bc5f9b840238a05eb7f6694304e3f"},
    {file = "scikit_learn-1.1.2-cp38-cp38-manylinux_2_17_x86_64.manylinux2014_x86_64.whl", hash = "sha256:f94c0146bad51daef919c402a3da8c1c6162619653e1c00c92baa168fda292f2"},
    {file = "scikit_learn-1.1.2-cp38-cp38-win32.whl", hash = "sha256:2f46c6e3ff1054a5ec701646dcfd61d43b8ecac4d416014daed8843cf4c33d4d"},
    {file = "scikit_learn-1.1.2-cp38-cp38-win_amd64.whl", hash = "sha256:b1e706deca9b2ad87ae27dafd5ac4e8eff01b6db492ed5c12cef4735ec5f21ea"},
    {file = "scikit_learn-1.1.2-cp39-cp39-macosx_10_9_x86_64.whl", hash = "sha256:567417dbbe6a6278399c3e6daf1654414a5a1a4d818d28f251fa7fc28730a1bf"},
    {file = "scikit_learn-1.1.2-cp39-cp39-macosx_12_0_arm64.whl", hash = "sha256:d6f232779023c3b060b80b5c82e5823723bc424dcac1d1a148aa2492c54d245d"},
    {file = "scikit_learn-1.1.2-cp39-cp39-manylinux_2_17_aarch64.manylinux2014_aarch64.whl", hash = "sha256:589d46f28460469f444b898223b13d99db9463e1038dc581ba698111f612264b"},
    {file = "scikit_learn-1.1.2-cp39-cp39-manylinux_2_17_x86_64.manylinux2014_x86_64.whl", hash = "sha256:76800652fb6d6bf527bce36ecc2cc25738b28fe1a17bd294a218fff8e8bd6d50"},
    {file = "scikit_learn-1.1.2-cp39-cp39-win32.whl", hash = "sha256:1c8fecb7c9984d9ec2ea48898229f98aad681a0873e0935f2b7f724fbce4a047"},
    {file = "scikit_learn-1.1.2-cp39-cp39-win_amd64.whl", hash = "sha256:407e9a1cb9e6ba458a539986a9bd25546a757088095b3aab91d465b79a760d37"},
]

[package.dependencies]
joblib = ">=1.0.0"
numpy = ">=1.17.3"
scipy = ">=1.3.2"
threadpoolctl = ">=2.0.0"

[package.extras]
benchmark = ["matplotlib (>=3.1.2)", "memory-profiler (>=0.57.0)", "pandas (>=1.0.5)"]
docs = ["Pillow (>=7.1.2)", "matplotlib (>=3.1.2)", "memory-profiler (>=0.57.0)", "numpydoc (>=1.2.0)", "pandas (>=1.0.5)", "scikit-image (>=0.16.2)", "seaborn (>=0.9.0)", "sphinx (>=4.0.1)", "sphinx-gallery (>=0.7.0)", "sphinx-prompt (>=1.3.0)", "sphinxext-opengraph (>=0.4.2)"]
examples = ["matplotlib (>=3.1.2)", "pandas (>=1.0.5)", "scikit-image (>=0.16.2)", "seaborn (>=0.9.0)"]
tests = ["black (>=22.3.0)", "flake8 (>=3.8.2)", "matplotlib (>=3.1.2)", "mypy (>=0.961)", "numpydoc (>=1.2.0)", "pandas (>=1.0.5)", "pyamg (>=4.0.0)", "pytest (>=5.0.1)", "pytest-cov (>=2.9.0)", "scikit-image (>=0.16.2)"]

[[package]]
name = "scipy"
version = "1.9.1"
description = "SciPy: Scientific Library for Python"
category = "main"
optional = false
python-versions = ">=3.8,<3.12"
files = [
    {file = "scipy-1.9.1-cp310-cp310-macosx_10_9_x86_64.whl", hash = "sha256:c61b4a91a702e8e04aeb0bfc40460e1f17a640977c04dda8757efb0199c75332"},
    {file = "scipy-1.9.1-cp310-cp310-macosx_12_0_arm64.whl", hash = "sha256:d79da472015d0120ba9b357b28a99146cd6c17b9609403164b1a8ed149b4dfc8"},
    {file = "scipy-1.9.1-cp310-cp310-macosx_12_0_universal2.macosx_10_9_x86_64.whl", hash = "sha256:825951b88f56765aeb6e5e38ac9d7d47407cfaaeb008d40aa1b45a2d7ea2731e"},
    {file = "scipy-1.9.1-cp310-cp310-manylinux_2_17_aarch64.manylinux2014_aarch64.whl", hash = "sha256:f950a04b33e17b38ff561d5a0951caf3f5b47caa841edd772ffb7959f20a6af0"},
    {file = "scipy-1.9.1-cp310-cp310-manylinux_2_17_x86_64.manylinux2014_x86_64.whl", hash = "sha256:8cc81ac25659fec73599ccc52c989670e5ccd8974cf34bacd7b54a8d809aff1a"},
    {file = "scipy-1.9.1-cp310-cp310-win_amd64.whl", hash = "sha256:8d3faa40ac16c6357aaf7ea50394ea6f1e8e99d75e927a51102b1943b311b4d9"},
    {file = "scipy-1.9.1-cp38-cp38-macosx_10_9_x86_64.whl", hash = "sha256:7a412c476a91b080e456229e413792bbb5d6202865dae963d1e6e28c2bb58691"},
    {file = "scipy-1.9.1-cp38-cp38-macosx_12_0_arm64.whl", hash = "sha256:eb954f5aca4d26f468bbebcdc5448348eb287f7bea536c6306f62ea062f63d9a"},
    {file = "scipy-1.9.1-cp38-cp38-macosx_12_0_universal2.macosx_10_9_x86_64.whl", hash = "sha256:3c6f5d1d4b9a5e4fe5e14f26ffc9444fc59473bbf8d45dc4a9a15283b7063a72"},
    {file = "scipy-1.9.1-cp38-cp38-manylinux_2_12_i686.manylinux2010_i686.whl", hash = "sha256:bc4e2c77d4cd015d739e75e74ebbafed59ba8497a7ed0fd400231ed7683497c4"},
    {file = "scipy-1.9.1-cp38-cp38-manylinux_2_17_aarch64.manylinux2014_aarch64.whl", hash = "sha256:0419485dbcd0ed78c0d5bf234c5dd63e86065b39b4d669e45810d42199d49521"},
    {file = "scipy-1.9.1-cp38-cp38-manylinux_2_17_x86_64.manylinux2014_x86_64.whl", hash = "sha256:34441dfbee5b002f9e15285014fd56e5e3372493c3e64ae297bae2c4b9659f5a"},
    {file = "scipy-1.9.1-cp38-cp38-win32.whl", hash = "sha256:b97b479f39c7e4aaf807efd0424dec74bbb379108f7d22cf09323086afcd312c"},
    {file = "scipy-1.9.1-cp38-cp38-win_amd64.whl", hash = "sha256:e8fe305d9d67a81255e06203454729405706907dccbdfcc330b7b3482a6c371d"},
    {file = "scipy-1.9.1-cp39-cp39-macosx_10_9_x86_64.whl", hash = "sha256:39ab9240cd215a9349c85ab908dda6d732f7d3b4b192fa05780812495536acc4"},
    {file = "scipy-1.9.1-cp39-cp39-macosx_12_0_arm64.whl", hash = "sha256:71487c503e036740635f18324f62a11f283a632ace9d35933b2b0a04fd898c98"},
    {file = "scipy-1.9.1-cp39-cp39-macosx_12_0_universal2.macosx_10_9_x86_64.whl", hash = "sha256:3bc1ab68b9a096f368ba06c3a5e1d1d50957a86665fc929c4332d21355e7e8f4"},
    {file = "scipy-1.9.1-cp39-cp39-manylinux_2_12_i686.manylinux2010_i686.whl", hash = "sha256:f7c39f7dbb57cce00c108d06d731f3b0e2a4d3a95c66d96bce697684876ce4d4"},
    {file = "scipy-1.9.1-cp39-cp39-manylinux_2_17_aarch64.manylinux2014_aarch64.whl", hash = "sha256:47d1a95bd9d37302afcfe1b84c8011377c4f81e33649c5a5785db9ab827a6ade"},
    {file = "scipy-1.9.1-cp39-cp39-manylinux_2_17_x86_64.manylinux2014_x86_64.whl", hash = "sha256:96d7cf7b25c9f23c59a766385f6370dab0659741699ecc7a451f9b94604938ce"},
    {file = "scipy-1.9.1-cp39-cp39-win32.whl", hash = "sha256:09412eb7fb60b8f00b328037fd814d25d261066ebc43a1e339cdce4f7502877e"},
    {file = "scipy-1.9.1-cp39-cp39-win_amd64.whl", hash = "sha256:90c805f30c46cf60f1e76e947574f02954d25e3bb1e97aa8a07bc53aa31cf7d1"},
    {file = "scipy-1.9.1.tar.gz", hash = "sha256:26d28c468900e6d5fdb37d2812ab46db0ccd22c63baa095057871faa3a498bc9"},
]

[package.dependencies]
numpy = ">=1.18.5,<1.25.0"

[[package]]
name = "setuptools"
version = "65.6.3"
description = "Easily download, build, install, upgrade, and uninstall Python packages"
category = "main"
optional = false
python-versions = ">=3.7"
files = [
    {file = "setuptools-65.6.3-py3-none-any.whl", hash = "sha256:57f6f22bde4e042978bcd50176fdb381d7c21a9efa4041202288d3737a0c6a54"},
    {file = "setuptools-65.6.3.tar.gz", hash = "sha256:a7620757bf984b58deaf32fc8a4577a9bbc0850cf92c20e1ce41c38c19e5fb75"},
]

[package.extras]
docs = ["furo", "jaraco.packaging (>=9)", "jaraco.tidelift (>=1.4)", "pygments-github-lexers (==0.0.5)", "rst.linker (>=1.9)", "sphinx (>=3.5)", "sphinx-favicon", "sphinx-hoverxref (<2)", "sphinx-inline-tabs", "sphinx-notfound-page (==0.8.3)", "sphinx-reredirects", "sphinxcontrib-towncrier"]
testing = ["build[virtualenv]", "filelock (>=3.4.0)", "flake8 (<5)", "flake8-2020", "ini2toml[lite] (>=0.9)", "jaraco.envs (>=2.2)", "jaraco.path (>=3.2.0)", "pip (>=19.1)", "pip-run (>=8.8)", "pytest (>=6)", "pytest-black (>=0.3.7)", "pytest-checkdocs (>=2.4)", "pytest-cov", "pytest-enabler (>=1.3)", "pytest-flake8", "pytest-mypy (>=0.9.1)", "pytest-perf", "pytest-timeout", "pytest-xdist", "tomli-w (>=1.0.0)", "virtualenv (>=13.0.0)", "wheel"]
testing-integration = ["build[virtualenv]", "filelock (>=3.4.0)", "jaraco.envs (>=2.2)", "jaraco.path (>=3.2.0)", "pytest", "pytest-enabler", "pytest-xdist", "tomli", "virtualenv (>=13.0.0)", "wheel"]

[[package]]
name = "six"
version = "1.16.0"
description = "Python 2 and 3 compatibility utilities"
category = "main"
optional = false
python-versions = ">=2.7, !=3.0.*, !=3.1.*, !=3.2.*"
files = [
    {file = "six-1.16.0-py2.py3-none-any.whl", hash = "sha256:8abb2f1d86890a2dfb989f9a77cfcfd3e47c2a354b01111771326f8aa26e0254"},
    {file = "six-1.16.0.tar.gz", hash = "sha256:1e61c37477a1626458e36f7b1d82aa5c9b094fa4802892072e49de9c60c4c926"},
]

[[package]]
name = "sklearn"
version = "0.0"
description = "A set of python modules for machine learning and data mining"
category = "main"
optional = false
python-versions = "*"
files = [
    {file = "sklearn-0.0.tar.gz", hash = "sha256:e23001573aa194b834122d2b9562459bf5ae494a2d59ca6b8aa22c85a44c0e31"},
]

[package.dependencies]
scikit-learn = "*"

[[package]]
name = "soupsieve"
version = "2.3.2.post1"
description = "A modern CSS selector implementation for Beautiful Soup."
category = "main"
optional = false
python-versions = ">=3.6"
files = [
    {file = "soupsieve-2.3.2.post1-py3-none-any.whl", hash = "sha256:3b2503d3c7084a42b1ebd08116e5f81aadfaea95863628c80a3b774a11b7c759"},
    {file = "soupsieve-2.3.2.post1.tar.gz", hash = "sha256:fc53893b3da2c33de295667a0e19f078c14bf86544af307354de5fcf12a3f30d"},
]

[[package]]
name = "termcolor"
version = "1.1.0"
description = "ANSII Color formatting for output in terminal."
category = "main"
optional = false
python-versions = "*"
files = [
    {file = "termcolor-1.1.0.tar.gz", hash = "sha256:1d6d69ce66211143803fbc56652b41d73b4a400a2891d7bf7a1cdf4c02de613b"},
]

[[package]]
name = "texttable"
version = "1.6.4"
description = "module for creating simple ASCII tables"
category = "main"
optional = false
python-versions = "*"
files = [
    {file = "texttable-1.6.4-py2.py3-none-any.whl", hash = "sha256:dd2b0eaebb2a9e167d1cefedab4700e5dcbdb076114eed30b58b97ed6b37d6f2"},
    {file = "texttable-1.6.4.tar.gz", hash = "sha256:42ee7b9e15f7b225747c3fa08f43c5d6c83bc899f80ff9bae9319334824076e9"},
]

[[package]]
name = "threadpoolctl"
version = "3.1.0"
description = "threadpoolctl"
category = "main"
optional = false
python-versions = ">=3.6"
files = [
    {file = "threadpoolctl-3.1.0-py3-none-any.whl", hash = "sha256:8b99adda265feb6773280df41eece7b2e6561b772d21ffd52e372f999024907b"},
    {file = "threadpoolctl-3.1.0.tar.gz", hash = "sha256:a335baacfaa4400ae1f0d8e3a58d6674d2f8828e3716bb2802c44955ad391380"},
]

[[package]]
name = "threadsafe"
version = "1.0.0"
description = "Thread-safe data structures"
category = "main"
optional = false
python-versions = "*"
files = [
    {file = "threadsafe-1.0.0-py3-none-any.whl", hash = "sha256:acbd59278ca8221dc3a8051443fe24c647ee9ac81808058e280ef6f75dd4387b"},
    {file = "threadsafe-1.0.0.tar.gz", hash = "sha256:7c61f9fdd0b3cd6c07b427de355dafcd337578d30871634cb1e8985ee4955edc"},
]

[[package]]
name = "treelib"
version = "1.6.1"
description = "A Python 2/3 implementation of tree structure."
category = "main"
optional = false
python-versions = "*"
files = [
    {file = "treelib-1.6.1.tar.gz", hash = "sha256:1cbfffb2d2b75ccac27d0200cee0507b6fbb0726e0afb9fae017ade5d2ce8788"},
]

[package.dependencies]
future = "*"

[[package]]
name = "urllib3"
version = "1.26.9"
description = "HTTP library with thread-safe connection pooling, file post, and more."
category = "main"
optional = false
python-versions = ">=2.7, !=3.0.*, !=3.1.*, !=3.2.*, !=3.3.*, !=3.4.*, <4"
files = [
    {file = "urllib3-1.26.9-py2.py3-none-any.whl", hash = "sha256:44ece4d53fb1706f667c9bd1c648f5469a2ec925fcf3a776667042d645472c14"},
    {file = "urllib3-1.26.9.tar.gz", hash = "sha256:aabaf16477806a5e1dd19aa41f8c2b7950dd3c746362d7e3223dbe6de6ac448e"},
]

[package.extras]
brotli = ["brotli (>=1.0.9)", "brotlicffi (>=0.8.0)", "brotlipy (>=0.6.0)"]
secure = ["certifi", "cryptography (>=1.3.4)", "idna (>=2.0.0)", "ipaddress", "pyOpenSSL (>=0.14)"]
socks = ["PySocks (>=1.5.6,!=1.5.7,<2.0)"]

[[package]]
name = "validators"
version = "0.20.0"
description = "Python Data Validation for Humans™."
category = "main"
optional = false
python-versions = ">=3.4"
files = [
    {file = "validators-0.20.0.tar.gz", hash = "sha256:24148ce4e64100a2d5e267233e23e7afeb55316b47d30faae7eb6e7292bc226a"},
]

[package.dependencies]
decorator = ">=3.4.0"

[package.extras]
test = ["flake8 (>=2.4.0)", "isort (>=4.2.2)", "pytest (>=2.2.3)"]

[[package]]
name = "yattag"
version = "1.14.0"
description = "Generate HTML or XML in a pythonic way. Pure python alternative to web template engines.Can fill HTML forms with default values and error messages."
category = "main"
optional = false
python-versions = "*"
files = [
    {file = "yattag-1.14.0.tar.gz", hash = "sha256:5731a31cb7452c0c6930dd1a284e0170b39eee959851a2aceb8d6af4134a5fa8"},
]

[metadata]
lock-version = "2.0"
python-versions = ">=3.8,<3.11" 
content-hash = "9ca6735fdcf441e1dcb63b24034d79894888cbf9190c1fc9b5b1246f88901705"
